
Microsoft Visual Studio Solution File, Format Version 12.00
# Visual Studio Version 16
VisualStudioVersion = 16.0.30114.105
MinimumVisualStudioVersion = 10.0.40219.1
Project("{FAE04EC0-301F-11D3-BF4B-00C04F79EFBC}") = "Api", "Api\Api.csproj", "{B63C2657-0FDB-451B-BB62-EFB45537CD0D}"
EndProject
Project("{FAE04EC0-301F-11D3-BF4B-00C04F79EFBC}") = "Api.Test", "Api.Test\Api.Test.csproj", "{731BE02A-506D-4D0D-9D96-D93D5A01FFC3}"
EndProject
Global
	GlobalSection(SolutionConfigurationPlatforms) = preSolution
		Debug|Any CPU = Debug|Any CPU
		Release|Any CPU = Release|Any CPU
	EndGlobalSection
	GlobalSection(SolutionProperties) = preSolution
		HideSolutionNode = FALSE
	EndGlobalSection
	GlobalSection(ProjectConfigurationPlatforms) = postSolution
		{B63C2657-0FDB-451B-BB62-EFB45537CD0D}.Debug|Any CPU.ActiveCfg = Debug|Any CPU
		{B63C2657-0FDB-451B-BB62-EFB45537CD0D}.Debug|Any CPU.Build.0 = Debug|Any CPU
		{B63C2657-0FDB-451B-BB62-EFB45537CD0D}.Release|Any CPU.ActiveCfg = Release|Any CPU
		{B63C2657-0FDB-451B-BB62-EFB45537CD0D}.Release|Any CPU.Build.0 = Release|Any CPU
		{731BE02A-506D-4D0D-9D96-D93D5A01FFC3}.Debug|Any CPU.ActiveCfg = Debug|Any CPU
		{731BE02A-506D-4D0D-9D96-D93D5A01FFC3}.Debug|Any CPU.Build.0 = Debug|Any CPU
		{731BE02A-506D-4D0D-9D96-D93D5A01FFC3}.Release|Any CPU.ActiveCfg = Release|Any CPU
		{731BE02A-506D-4D0D-9D96-D93D5A01FFC3}.Release|Any CPU.Build.0 = Release|Any CPU
	EndGlobalSection
EndGlobal
